// !$*UTF8*$!
{
	archiveVersion = 1;
	classes = {
	};
	objectVersion = 46;
	objects = {

/* Begin PBXBuildFile section */
		0101C59A1C105BFA00F6DAA3 /* main.m in Sources */ = {isa = PBXBuildFile; fileRef = 0101C5991C105BFA00F6DAA3 /* main.m */; };
		0101C59D1C105BFA00F6DAA3 /* AppDelegate.m in Sources */ = {isa = PBXBuildFile; fileRef = 0101C59C1C105BFA00F6DAA3 /* AppDelegate.m */; };
		0101C5A01C105BFA00F6DAA3 /* ViewController.m in Sources */ = {isa = PBXBuildFile; fileRef = 0101C59F1C105BFA00F6DAA3 /* ViewController.m */; };
		0101C5A31C105BFA00F6DAA3 /* Main.storyboard in Resources */ = {isa = PBXBuildFile; fileRef = 0101C5A11C105BFA00F6DAA3 /* Main.storyboard */; };
		0101C5A51C105BFA00F6DAA3 /* Assets.xcassets in Resources */ = {isa = PBXBuildFile; fileRef = 0101C5A41C105BFA00F6DAA3 /* Assets.xcassets */; };
		0101C5A81C105BFA00F6DAA3 /* LaunchScreen.storyboard in Resources */ = {isa = PBXBuildFile; fileRef = 0101C5A61C105BFA00F6DAA3 /* LaunchScreen.storyboard */; };
		0101C5B91C105EA300F6DAA3 /* PushViewController.m in Sources */ = {isa = PBXBuildFile; fileRef = 0101C5B81C105EA300F6DAA3 /* PushViewController.m */; };
		0101C5BE1C1067D200F6DAA3 /* NavigationDelegate.m in Sources */ = {isa = PBXBuildFile; fileRef = 0101C5BD1C1067D200F6DAA3 /* NavigationDelegate.m */; };
		0101C5C11C106AB500F6DAA3 /* PushNavigationAnimator.m in Sources */ = {isa = PBXBuildFile; fileRef = 0101C5C01C106AB500F6DAA3 /* PushNavigationAnimator.m */; };
		0101C5C41C107A1500F6DAA3 /* PopNavigationAnimator.m in Sources */ = {isa = PBXBuildFile; fileRef = 0101C5C31C107A1500F6DAA3 /* PopNavigationAnimator.m */; };
/* End PBXBuildFile section */

/* Begin PBXFileReference section */
		0101C5951C105BFA00F6DAA3 /* iOSTransitionWorkshop.app */ = {isa = PBXFileReference; explicitFileType = wrapper.application; includeInIndex = 0; path = iOSTransitionWorkshop.app; sourceTree = BUILT_PRODUCTS_DIR; };
		0101C5991C105BFA00F6DAA3 /* main.m */ = {isa = PBXFileReference; lastKnownFileType = sourcecode.c.objc; path = main.m; sourceTree = "<group>"; };
		0101C59B1C105BFA00F6DAA3 /* AppDelegate.h */ = {isa = PBXFileReference; lastKnownFileType = sourcecode.c.h; path = AppDelegate.h; sourceTree = "<group>"; };
		0101C59C1C105BFA00F6DAA3 /* AppDelegate.m */ = {isa = PBXFileReference; lastKnownFileType = sourcecode.c.objc; path = AppDelegate.m; sourceTree = "<group>"; };
		0101C59E1C105BFA00F6DAA3 /* ViewController.h */ = {isa = PBXFileReference; lastKnownFileType = sourcecode.c.h; path = ViewController.h; sourceTree = "<group>"; };
		0101C59F1C105BFA00F6DAA3 /* ViewController.m */ = {isa = PBXFileReference; lastKnownFileType = sourcecode.c.objc; path = ViewController.m; sourceTree = "<group>"; };
		0101C5A21C105BFA00F6DAA3 /* Base */ = {isa = PBXFileReference; lastKnownFileType = file.storyboard; name = Base; path = Base.lproj/Main.storyboard; sourceTree = "<group>"; };
		0101C5A41C105BFA00F6DAA3 /* Assets.xcassets */ = {isa = PBXFileReference; lastKnownFileType = folder.assetcatalog; path = Assets.xcassets; sourceTree = "<group>"; };
		0101C5A71C105BFA00F6DAA3 /* Base */ = {isa = PBXFileReference; lastKnownFileType = file.storyboard; name = Base; path = Base.lproj/LaunchScreen.storyboard; sourceTree = "<group>"; };
		0101C5A91C105BFA00F6DAA3 /* Info.plist */ = {isa = PBXFileReference; lastKnownFileType = text.plist.xml; path = Info.plist; sourceTree = "<group>"; };
		0101C5B71C105EA300F6DAA3 /* PushViewController.h */ = {isa = PBXFileReference; fileEncoding = 4; lastKnownFileType = sourcecode.c.h; path = PushViewController.h; sourceTree = "<group>"; };
		0101C5B81C105EA300F6DAA3 /* PushViewController.m */ = {isa = PBXFileReference; fileEncoding = 4; lastKnownFileType = sourcecode.c.objc; path = PushViewController.m; sourceTree = "<group>"; };
		0101C5BC1C1067D200F6DAA3 /* NavigationDelegate.h */ = {isa = PBXFileReference; fileEncoding = 4; lastKnownFileType = sourcecode.c.h; path = NavigationDelegate.h; sourceTree = "<group>"; };
		0101C5BD1C1067D200F6DAA3 /* NavigationDelegate.m */ = {isa = PBXFileReference; fileEncoding = 4; lastKnownFileType = sourcecode.c.objc; path = NavigationDelegate.m; sourceTree = "<group>"; };
		0101C5BF1C106AB500F6DAA3 /* PushNavigationAnimator.h */ = {isa = PBXFileReference; fileEncoding = 4; lastKnownFileType = sourcecode.c.h; path = PushNavigationAnimator.h; sourceTree = "<group>"; };
		0101C5C01C106AB500F6DAA3 /* PushNavigationAnimator.m */ = {isa = PBXFileReference; fileEncoding = 4; lastKnownFileType = sourcecode.c.objc; path = PushNavigationAnimator.m; sourceTree = "<group>"; };
		0101C5C21C107A1500F6DAA3 /* PopNavigationAnimator.h */ = {isa = PBXFileReference; fileEncoding = 4; lastKnownFileType = sourcecode.c.h; path = PopNavigationAnimator.h; sourceTree = "<group>"; };
		0101C5C31C107A1500F6DAA3 /* PopNavigationAnimator.m */ = {isa = PBXFileReference; fileEncoding = 4; lastKnownFileType = sourcecode.c.objc; path = PopNavigationAnimator.m; sourceTree = "<group>"; };
/* End PBXFileReference section */

/* Begin PBXFrameworksBuildPhase section */
		0101C5921C105BFA00F6DAA3 /* Frameworks */ = {
			isa = PBXFrameworksBuildPhase;
			buildActionMask = 2147483647;
			files = (
			);
			runOnlyForDeploymentPostprocessing = 0;
		};
/* End PBXFrameworksBuildPhase section */

/* Begin PBXGroup section */
		0101C58C1C105BFA00F6DAA3 = {
			isa = PBXGroup;
			children = (
				0101C5971C105BFA00F6DAA3 /* iOSTransitionWorkshop */,
				0101C5961C105BFA00F6DAA3 /* Products */,
			);
			sourceTree = "<group>";
		};
		0101C5961C105BFA00F6DAA3 /* Products */ = {
			isa = PBXGroup;
			children = (
				0101C5951C105BFA00F6DAA3 /* iOSTransitionWorkshop.app */,
			);
			name = Products;
			sourceTree = "<group>";
		};
		0101C5971C105BFA00F6DAA3 /* iOSTransitionWorkshop */ = {
			isa = PBXGroup;
			children = (
				0101C5B01C105C1A00F6DAA3 /* resource */,
				0101C5AF1C105C0A00F6DAA3 /* source */,
				0101C5981C105BFA00F6DAA3 /* Supporting Files */,
			);
			path = iOSTransitionWorkshop;
			sourceTree = "<group>";
		};
		0101C5981C105BFA00F6DAA3 /* Supporting Files */ = {
			isa = PBXGroup;
			children = (
				0101C5A91C105BFA00F6DAA3 /* Info.plist */,
				0101C5991C105BFA00F6DAA3 /* main.m */,
			);
			path = "Supporting Files";
			sourceTree = "<group>";
		};
		0101C5AF1C105C0A00F6DAA3 /* source */ = {
			isa = PBXGroup;
			children = (
				0101C5BA1C10679600F6DAA3 /* Delegates */,
				0101C5BB1C1067B200F6DAA3 /* Transitions */,
				0101C5B61C105E7800F6DAA3 /* ViewControllers */,
				0101C59B1C105BFA00F6DAA3 /* AppDelegate.h */,
				0101C59C1C105BFA00F6DAA3 /* AppDelegate.m */,
			);
			path = source;
			sourceTree = "<group>";
		};
		0101C5B01C105C1A00F6DAA3 /* resource */ = {
			isa = PBXGroup;
			children = (
				0101C5A41C105BFA00F6DAA3 /* Assets.xcassets */,
				0101C5A61C105BFA00F6DAA3 /* LaunchScreen.storyboard */,
				0101C5A11C105BFA00F6DAA3 /* Main.storyboard */,
			);
			path = resource;
			sourceTree = "<group>";
		};
		0101C5B61C105E7800F6DAA3 /* ViewControllers */ = {
			isa = PBXGroup;
			children = (
				0101C5CF1C11B20100F6DAA3 /* Push */,
				0101C59E1C105BFA00F6DAA3 /* ViewController.h */,
				0101C59F1C105BFA00F6DAA3 /* ViewController.m */,
			);
			path = ViewControllers;
			sourceTree = "<group>";
		};
		0101C5BA1C10679600F6DAA3 /* Delegates */ = {
			isa = PBXGroup;
			children = (
				0101C5BC1C1067D200F6DAA3 /* NavigationDelegate.h */,
				0101C5BD1C1067D200F6DAA3 /* NavigationDelegate.m */,
			);
			path = Delegates;
			sourceTree = "<group>";
		};
		0101C5BB1C1067B200F6DAA3 /* Transitions */ = {
			isa = PBXGroup;
			children = (
				0101C5C21C107A1500F6DAA3 /* PopNavigationAnimator.h */,
				0101C5C31C107A1500F6DAA3 /* PopNavigationAnimator.m */,
				0101C5BF1C106AB500F6DAA3 /* PushNavigationAnimator.h */,
				0101C5C01C106AB500F6DAA3 /* PushNavigationAnimator.m */,
			);
			path = Transitions;
			sourceTree = "<group>";
		};
		0101C5CF1C11B20100F6DAA3 /* Push */ = {
			isa = PBXGroup;
			children = (
				0101C5B71C105EA300F6DAA3 /* PushViewController.h */,
				0101C5B81C105EA300F6DAA3 /* PushViewController.m */,
			);
			path = Push;
			sourceTree = "<group>";
		};
/* End PBXGroup section */

/* Begin PBXNativeTarget section */
		0101C5941C105BFA00F6DAA3 /* iOSTransitionWorkshop */ = {
			isa = PBXNativeTarget;
			buildConfigurationList = 0101C5AC1C105BFA00F6DAA3 /* Build configuration list for PBXNativeTarget "iOSTransitionWorkshop" */;
			buildPhases = (
				0101C5911C105BFA00F6DAA3 /* Sources */,
				0101C5921C105BFA00F6DAA3 /* Frameworks */,
				0101C5931C105BFA00F6DAA3 /* Resources */,
			);
			buildRules = (
			);
			dependencies = (
			);
			name = iOSTransitionWorkshop;
			productName = iOSTransitionWorkshop;
			productReference = 0101C5951C105BFA00F6DAA3 /* iOSTransitionWorkshop.app */;
			productType = "com.apple.product-type.application";
		};
/* End PBXNativeTarget section */

/* Begin PBXProject section */
		0101C58D1C105BFA00F6DAA3 /* Project object */ = {
			isa = PBXProject;
			attributes = {
				LastUpgradeCheck = 0710;
				ORGANIZATIONNAME = "Nick Babkin";
				TargetAttributes = {
					0101C5941C105BFA00F6DAA3 = {
						CreatedOnToolsVersion = 7.1.1;
					};
				};
			};
			buildConfigurationList = 0101C5901C105BFA00F6DAA3 /* Build configuration list for PBXProject "iOSTransitionWorkshop" */;
			compatibilityVersion = "Xcode 3.2";
			developmentRegion = English;
			hasScannedForEncodings = 0;
			knownRegions = (
				en,
				Base,
			);
			mainGroup = 0101C58C1C105BFA00F6DAA3;
			productRefGroup = 0101C5961C105BFA00F6DAA3 /* Products */;
			projectDirPath = "";
			projectRoot = "";
			targets = (
				0101C5941C105BFA00F6DAA3 /* iOSTransitionWorkshop */,
			);
		};
/* End PBXProject section */

/* Begin PBXResourcesBuildPhase section */
		0101C5931C105BFA00F6DAA3 /* Resources */ = {
			isa = PBXResourcesBuildPhase;
			buildActionMask = 2147483647;
			files = (
				0101C5A81C105BFA00F6DAA3 /* LaunchScreen.storyboard in Resources */,
				0101C5A51C105BFA00F6DAA3 /* Assets.xcassets in Resources */,
				0101C5A31C105BFA00F6DAA3 /* Main.storyboard in Resources */,
			);
			runOnlyForDeploymentPostprocessing = 0;
		};
/* End PBXResourcesBuildPhase section */

/* Begin PBXSourcesBuildPhase section */
		0101C5911C105BFA00F6DAA3 /* Sources */ = {
			isa = PBXSourcesBuildPhase;
			buildActionMask = 2147483647;
			files = (
				0101C5A01C105BFA00F6DAA3 /* ViewController.m in Sources */,
				0101C5BE1C1067D200F6DAA3 /* NavigationDelegate.m in Sources */,
				0101C5C41C107A1500F6DAA3 /* PopNavigationAnimator.m in Sources */,
				0101C5B91C105EA300F6DAA3 /* PushViewController.m in Sources */,
				0101C59D1C105BFA00F6DAA3 /* AppDelegate.m in Sources */,
				0101C5C11C106AB500F6DAA3 /* PushNavigationAnimator.m in Sources */,
				0101C59A1C105BFA00F6DAA3 /* main.m in Sources */,
			);
			runOnlyForDeploymentPostprocessing = 0;
		};
/* End PBXSourcesBuildPhase section */

/* Begin PBXVariantGroup section */
		0101C5A11C105BFA00F6DAA3 /* Main.storyboard */ = {
			isa = PBXVariantGroup;
			children = (
				0101C5A21C105BFA00F6DAA3 /* Base */,
			);
			name = Main.storyboard;
			path = .;
			sourceTree = "<group>";
		};
		0101C5A61C105BFA00F6DAA3 /* LaunchScreen.storyboard */ = {
			isa = PBXVariantGroup;
			children = (
				0101C5A71C105BFA00F6DAA3 /* Base */,
			);
			name = LaunchScreen.storyboard;
			path = .;
			sourceTree = "<group>";
		};
/* End PBXVariantGroup section */

/* Begin XCBuildConfiguration section */
		0101C5AA1C105BFA00F6DAA3 /* Debug */ = {
			isa = XCBuildConfiguration;
			buildSettings = {
				ALWAYS_SEARCH_USER_PATHS = NO;
				CLANG_CXX_LANGUAGE_STANDARD = "gnu++0x";
				CLANG_CXX_LIBRARY = "libc++";
				CLANG_ENABLE_MODULES = YES;
				CLANG_ENABLE_OBJC_ARC = YES;
				CLANG_WARN_BOOL_CONVERSION = YES;
				CLANG_WARN_CONSTANT_CONVERSION = YES;
				CLANG_WARN_DIRECT_OBJC_ISA_USAGE = YES_ERROR;
				CLANG_WARN_EMPTY_BODY = YES;
				CLANG_WARN_ENUM_CONVERSION = YES;
				CLANG_WARN_INT_CONVERSION = YES;
				CLANG_WARN_OBJC_ROOT_CLASS = YES_ERROR;
				CLANG_WARN_UNREACHABLE_CODE = YES;
				CLANG_WARN__DUPLICATE_METHOD_MATCH = YES;
				"CODE_SIGN_IDENTITY[sdk=iphoneos*]" = "iPhone Developer";
				COPY_PHASE_STRIP = NO;
				DEBUG_INFORMATION_FORMAT = dwarf;
				ENABLE_STRICT_OBJC_MSGSEND = YES;
				ENABLE_TESTABILITY = YES;
				GCC_C_LANGUAGE_STANDARD = gnu99;
				GCC_DYNAMIC_NO_PIC = NO;
				GCC_NO_COMMON_BLOCKS = YES;
				GCC_OPTIMIZATION_LEVEL = 0;
				GCC_PREPROCESSOR_DEFINITIONS = (
					"DEBUG=1",
					"$(inherited)",
				);
				GCC_WARN_64_TO_32_BIT_CONVERSION = YES;
				GCC_WARN_ABOUT_RETURN_TYPE = YES_ERROR;
				GCC_WARN_UNDECLARED_SELECTOR = YES;
				GCC_WARN_UNINITIALIZED_AUTOS = YES_AGGRESSIVE;
				GCC_WARN_UNUSED_FUNCTION = YES;
				GCC_WARN_UNUSED_VARIABLE = YES;
				IPHONEOS_DEPLOYMENT_TARGET = 9.1;
				MTL_ENABLE_DEBUG_INFO = YES;
				ONLY_ACTIVE_ARCH = YES;
				SDKROOT = iphoneos;
				TARGETED_DEVICE_FAMILY = "1,2";
			};
			name = Debug;
		};
		0101C5AB1C105BFA00F6DAA3 /* Release */ = {
			isa = XCBuildConfiguration;
			buildSettings = {
				ALWAYS_SEARCH_USER_PATHS = NO;
				CLANG_CXX_LANGUAGE_STANDARD = "gnu++0x";
				CLANG_CXX_LIBRARY = "libc++";
				CLANG_ENABLE_MODULES = YES;
				CLANG_ENABLE_OBJC_ARC = YES;
				CLANG_WARN_BOOL_CONVERSION = YES;
				CLANG_WARN_CONSTANT_CONVERSION = YES;
				CLANG_WARN_DIRECT_OBJC_ISA_USAGE = YES_ERROR;
				CLANG_WARN_EMPTY_BODY = YES;
				CLANG_WARN_ENUM_CONVERSION = YES;
				CLANG_WARN_INT_CONVERSION = YES;
				CLANG_WARN_OBJC_ROOT_CLASS = YES_ERROR;
				CLANG_WARN_UNREACHABLE_CODE = YES;
				CLANG_WARN__DUPLICATE_METHOD_MATCH = YES;
				"CODE_SIGN_IDENTITY[sdk=iphoneos*]" = "iPhone Developer";
				COPY_PHASE_STRIP = NO;
				DEBUG_INFORMATION_FORMAT = "dwarf-with-dsym";
				ENABLE_NS_ASSERTIONS = NO;
				ENABLE_STRICT_OBJC_MSGSEND = YES;
				GCC_C_LANGUAGE_STANDARD = gnu99;
				GCC_NO_COMMON_BLOCKS = YES;
				GCC_WARN_64_TO_32_BIT_CONVERSION = YES;
				GCC_WARN_ABOUT_RETURN_TYPE = YES_ERROR;
				GCC_WARN_UNDECLARED_SELECTOR = YES;
				GCC_WARN_UNINITIALIZED_AUTOS = YES_AGGRESSIVE;
				GCC_WARN_UNUSED_FUNCTION = YES;
				GCC_WARN_UNUSED_VARIABLE = YES;
				IPHONEOS_DEPLOYMENT_TARGET = 9.1;
				MTL_ENABLE_DEBUG_INFO = NO;
				SDKROOT = iphoneos;
				TARGETED_DEVICE_FAMILY = "1,2";
				VALIDATE_PRODUCT = YES;
			};
			name = Release;
		};
		0101C5AD1C105BFA00F6DAA3 /* Debug */ = {
			isa = XCBuildConfiguration;
			buildSettings = {
				ASSETCATALOG_COMPILER_APPICON_NAME = AppIcon;
				INFOPLIST_FILE = "iOSTransitionWorkshop/Supporting Files/Info.plist";
				IPHONEOS_DEPLOYMENT_TARGET = 8.0;
				LD_RUNPATH_SEARCH_PATHS = "$(inherited) @executable_path/Frameworks";
				PRODUCT_BUNDLE_IDENTIFIER = com.iOSTransitionWorkshop;
				PRODUCT_NAME = "$(TARGET_NAME)";
			};
			name = Debug;
		};
		0101C5AE1C105BFA00F6DAA3 /* Release */ = {
			isa = XCBuildConfiguration;
			buildSettings = {
				ASSETCATALOG_COMPILER_APPICON_NAME = AppIcon;
				INFOPLIST_FILE = "iOSTransitionWorkshop/Supporting Files/Info.plist";
				IPHONEOS_DEPLOYMENT_TARGET = 8.0;
				LD_RUNPATH_SEARCH_PATHS = "$(inherited) @executable_path/Frameworks";
				PRODUCT_BUNDLE_IDENTIFIER = com.iOSTransitionWorkshop;
				PRODUCT_NAME = "$(TARGET_NAME)";
			};
			name = Release;
		};
/* End XCBuildConfiguration section */

/* Begin XCConfigurationList section */
		0101C5901C105BFA00F6DAA3 /* Build configuration list for PBXProject "iOSTransitionWorkshop" */ = {
			isa = XCConfigurationList;
			buildConfigurations = (
				0101C5AA1C105BFA00F6DAA3 /* Debug */,
				0101C5AB1C105BFA00F6DAA3 /* Release */,
			);
			defaultConfigurationIsVisible = 0;
			defaultConfigurationName = Release;
		};
		0101C5AC1C105BFA00F6DAA3 /* Build configuration list for PBXNativeTarget "iOSTransitionWorkshop" */ = {
			isa = XCConfigurationList;
			buildConfigurations = (
				0101C5AD1C105BFA00F6DAA3 /* Debug */,
				0101C5AE1C105BFA00F6DAA3 /* Release */,
			);
			defaultConfigurationIsVisible = 0;
			defaultConfigurationName = Release;
		};
/* End XCConfigurationList section */
	};
	rootObject = 0101C58D1C105BFA00F6DAA3 /* Project object */;
}
